
Microsoft Visual Studio Solution File, Format Version 12.00
# Visual Studio 15
VisualStudioVersion = 15.0.28010.2003
MinimumVisualStudioVersion = 10.0.40219.1
Project("{FAE04EC0-301F-11D3-BF4B-00C04F79EFBC}") = "DataTypes_CharStringBoolTypes", "DataTypes_CharStringBoolTypes\DataTypes_CharStringBoolTypes.csproj", "{A19C256F-8DDC-449D-8753-AB47DD4DCC91}"
EndProject
Global
	GlobalSection(SolutionConfigurationPlatforms) = preSolution
		Debug|Any CPU = Debug|Any CPU
		Release|Any CPU = Release|Any CPU
	EndGlobalSection
	GlobalSection(ProjectConfigurationPlatforms) = postSolution
		{A19C256F-8DDC-449D-8753-AB47DD4DCC91}.Debug|Any CPU.ActiveCfg = Debug|Any CPU
		{A19C256F-8DDC-449D-8753-AB47DD4DCC91}.Debug|Any CPU.Build.0 = Debug|Any CPU
		{A19C256F-8DDC-449D-8753-AB47DD4DCC91}.Release|Any CPU.ActiveCfg = Release|Any CPU
		{A19C256F-8DDC-449D-8753-AB47DD4DCC91}.Release|Any CPU.Build.0 = Release|Any CPU
	EndGlobalSection
	GlobalSection(SolutionProperties) = preSolution
		HideSolutionNode = FALSE
	EndGlobalSection
	GlobalSection(ExtensibilityGlobals) = postSolution
		SolutionGuid = {F089BD59-4177-49C6-A1DB-D31404FA2941}
	EndGlobalSection
EndGlobal
